
Microsoft Visual Studio Solution File, Format Version 12.00
# Visual Studio Version 17
VisualStudioVersion = 17.10.34928.147
MinimumVisualStudioVersion = 10.0.40219.1
Project("{8BC9CEB8-8B4A-11D0-8D11-00A0C91BC942}") = "SSD_Americano", "SSD_Americano\SSD_Americano.vcxproj", "{E13DC34F-6F0B-4F7D-A1C4-1D1062BBF314}"
EndProject
Project("{2150E333-8FDC-42A3-9474-1A3956D46DE8}") = "솔루션 항목", "솔루션 항목", "{CEFBC322-4720-43ED-AC9D-72E052182AF6}"
	ProjectSection(SolutionItems) = preProject
		.gitignore = .gitignore
		README.md = README.md
	EndProjectSection
EndProject
Project("{8BC9CEB8-8B4A-11D0-8D11-00A0C91BC942}") = "gTest", "gTest\gTest.vcxproj", "{E7E61AC1-BFFB-40BA-982D-5D93BDB405A4}"
EndProject
Global
	GlobalSection(SolutionConfigurationPlatforms) = preSolution
		Debug|x64 = Debug|x64
		Debug|x86 = Debug|x86
		Release|x64 = Release|x64
		Release|x86 = Release|x86
	EndGlobalSection
	GlobalSection(ProjectConfigurationPlatforms) = postSolution
		{E13DC34F-6F0B-4F7D-A1C4-1D1062BBF314}.Debug|x64.ActiveCfg = Debug|x64
		{E13DC34F-6F0B-4F7D-A1C4-1D1062BBF314}.Debug|x64.Build.0 = Debug|x64
		{E13DC34F-6F0B-4F7D-A1C4-1D1062BBF314}.Debug|x86.ActiveCfg = Debug|Win32
		{E13DC34F-6F0B-4F7D-A1C4-1D1062BBF314}.Debug|x86.Build.0 = Debug|Win32
		{E13DC34F-6F0B-4F7D-A1C4-1D1062BBF314}.Release|x64.ActiveCfg = Release|x64
		{E13DC34F-6F0B-4F7D-A1C4-1D1062BBF314}.Release|x64.Build.0 = Release|x64
		{E13DC34F-6F0B-4F7D-A1C4-1D1062BBF314}.Release|x86.ActiveCfg = Release|Win32
		{E13DC34F-6F0B-4F7D-A1C4-1D1062BBF314}.Release|x86.Build.0 = Release|Win32
		{E7E61AC1-BFFB-40BA-982D-5D93BDB405A4}.Debug|x64.ActiveCfg = Debug|x64
		{E7E61AC1-BFFB-40BA-982D-5D93BDB405A4}.Debug|x64.Build.0 = Debug|x64
		{E7E61AC1-BFFB-40BA-982D-5D93BDB405A4}.Debug|x86.ActiveCfg = Debug|Win32
		{E7E61AC1-BFFB-40BA-982D-5D93BDB405A4}.Debug|x86.Build.0 = Debug|Win32
		{E7E61AC1-BFFB-40BA-982D-5D93BDB405A4}.Release|x64.ActiveCfg = Release|x64
		{E7E61AC1-BFFB-40BA-982D-5D93BDB405A4}.Release|x64.Build.0 = Release|x64
		{E7E61AC1-BFFB-40BA-982D-5D93BDB405A4}.Release|x86.ActiveCfg = Release|Win32
		{E7E61AC1-BFFB-40BA-982D-5D93BDB405A4}.Release|x86.Build.0 = Release|Win32
	EndGlobalSection
	GlobalSection(SolutionProperties) = preSolution
		HideSolutionNode = FALSE
	EndGlobalSection
	GlobalSection(ExtensibilityGlobals) = postSolution
		SolutionGuid = {62B60397-B998-4F68-81CF-9BF0B882A504}
	EndGlobalSection
EndGlobal
